<?xml version="1.0" encoding="UTF-8"?>
<CodeBlocks_project_file>
	<FileVersion major="1" minor="6"/>
	<Project>
		<Option title="cryptopals"/>
		<Option makefile_is_custom="1"/>
		<Option compiler="gcc"/>
		<Option virtualFolders="CMake Files\;CMake Files\src\;CMake Files\test\;CMake Files\test\googletest\;CMake Files\test\googletest\googlemock\;CMake Files\test\googletest\googletest\;CMake Files\test\googletest\googletest\cmake\;"/>
		<Build>
			<Target title="all">
				<Option working_dir="G:/rgkirch/cryptopals/test"/>
				<Option type="4"/>
				<MakeCommands>
					<Build command="C:/MinGW/bin/mingw32-make.exe -f &quot;G:/rgkirch/cryptopals/test/Makefile&quot;  VERBOSE=1 all"/>
					<CompileFile command="C:/MinGW/bin/mingw32-make.exe -f &quot;G:/rgkirch/cryptopals/test/Makefile&quot;  VERBOSE=1 &quot;$file&quot;"/>
					<Clean command="C:/MinGW/bin/mingw32-make.exe -f &quot;G:/rgkirch/cryptopals/test/Makefile&quot;  VERBOSE=1 clean"/>
					<DistClean command="C:/MinGW/bin/mingw32-make.exe -f &quot;G:/rgkirch/cryptopals/test/Makefile&quot;  VERBOSE=1 clean"/>
				</MakeCommands>
			</Target>
			<Target title="basicsTest">
				<Option output="G:/rgkirch/cryptopals/test/basicsTest.exe" prefix_auto="0" extension_auto="0"/>
				<Option working_dir="G:/rgkirch/cryptopals/test"/>
				<Option object_output="./"/>
				<Option type="1"/>
				<Option compiler="gcc"/>
				<Compiler>
					<Add directory="G:/rgkirch/cryptopals/src"/>
					<Add directory="G:/rgkirch/cryptopals/test/googletest/googletest/include"/>
					<Add directory="c:\mingw\bin\../lib/gcc/mingw32/4.8.1/include/c++"/>
					<Add directory="c:\mingw\bin\../lib/gcc/mingw32/4.8.1/include/c++/mingw32"/>
					<Add directory="c:\mingw\bin\../lib/gcc/mingw32/4.8.1/include/c++/backward"/>
					<Add directory="c:\mingw\bin\../lib/gcc/mingw32/4.8.1/include"/>
					<Add directory="c:\mingw\bin\../lib/gcc/mingw32/4.8.1/../../../../include"/>
					<Add directory="c:\mingw\bin\../lib/gcc/mingw32/4.8.1/include-fixed"/>
					<Add directory="c:\mingw\bin\../lib/gcc/mingw32/4.8.1/../../../../mingw32/include"/>
				</Compiler>
				<MakeCommands>
					<Build command="C:/MinGW/bin/mingw32-make.exe -f &quot;G:/rgkirch/cryptopals/test/Makefile&quot;  VERBOSE=1 basicsTest"/>
					<CompileFile command="C:/MinGW/bin/mingw32-make.exe -f &quot;G:/rgkirch/cryptopals/test/Makefile&quot;  VERBOSE=1 &quot;$file&quot;"/>
					<Clean command="C:/MinGW/bin/mingw32-make.exe -f &quot;G:/rgkirch/cryptopals/test/Makefile&quot;  VERBOSE=1 clean"/>
					<DistClean command="C:/MinGW/bin/mingw32-make.exe -f &quot;G:/rgkirch/cryptopals/test/Makefile&quot;  VERBOSE=1 clean"/>
				</MakeCommands>
			</Target>
			<Target title="basicsTest/fast">
				<Option output="G:/rgkirch/cryptopals/test/basicsTest.exe" prefix_auto="0" extension_auto="0"/>
				<Option working_dir="G:/rgkirch/cryptopals/test"/>
				<Option object_output="./"/>
				<Option type="1"/>
				<Option compiler="gcc"/>
				<Compiler>
					<Add directory="G:/rgkirch/cryptopals/src"/>
					<Add directory="G:/rgkirch/cryptopals/test/googletest/googletest/include"/>
					<Add directory="c:\mingw\bin\../lib/gcc/mingw32/4.8.1/include/c++"/>
					<Add directory="c:\mingw\bin\../lib/gcc/mingw32/4.8.1/include/c++/mingw32"/>
					<Add directory="c:\mingw\bin\../lib/gcc/mingw32/4.8.1/include/c++/backward"/>
					<Add directory="c:\mingw\bin\../lib/gcc/mingw32/4.8.1/include"/>
					<Add directory="c:\mingw\bin\../lib/gcc/mingw32/4.8.1/../../../../include"/>
					<Add directory="c:\mingw\bin\../lib/gcc/mingw32/4.8.1/include-fixed"/>
					<Add directory="c:\mingw\bin\../lib/gcc/mingw32/4.8.1/../../../../mingw32/include"/>
				</Compiler>
				<MakeCommands>
					<Build command="C:/MinGW/bin/mingw32-make.exe -f &quot;G:/rgkirch/cryptopals/test/Makefile&quot;  VERBOSE=1 basicsTest/fast"/>
					<CompileFile command="C:/MinGW/bin/mingw32-make.exe -f &quot;G:/rgkirch/cryptopals/test/Makefile&quot;  VERBOSE=1 &quot;$file&quot;"/>
					<Clean command="C:/MinGW/bin/mingw32-make.exe -f &quot;G:/rgkirch/cryptopals/test/Makefile&quot;  VERBOSE=1 clean"/>
					<DistClean command="C:/MinGW/bin/mingw32-make.exe -f &quot;G:/rgkirch/cryptopals/test/Makefile&quot;  VERBOSE=1 clean"/>
				</MakeCommands>
			</Target>
			<Target title="gmock_main">
				<Option output="G:/rgkirch/cryptopals/test/googletest/googlemock/libgmock_main.a" prefix_auto="0" extension_auto="0"/>
				<Option working_dir="G:/rgkirch/cryptopals/test/googletest/googlemock"/>
				<Option object_output="./"/>
				<Option type="2"/>
				<Option compiler="gcc"/>
				<Compiler>
					<Add directory="G:/rgkirch/cryptopals/src"/>
					<Add directory="G:/rgkirch/cryptopals/test/googletest/googlemock/include"/>
					<Add directory="G:/rgkirch/cryptopals/test/googletest/googlemock"/>
					<Add directory="G:/rgkirch/cryptopals/test/googletest/googletest/include"/>
					<Add directory="G:/rgkirch/cryptopals/test/googletest/googletest"/>
					<Add directory="c:\mingw\bin\../lib/gcc/mingw32/4.8.1/include/c++"/>
					<Add directory="c:\mingw\bin\../lib/gcc/mingw32/4.8.1/include/c++/mingw32"/>
					<Add directory="c:\mingw\bin\../lib/gcc/mingw32/4.8.1/include/c++/backward"/>
					<Add directory="c:\mingw\bin\../lib/gcc/mingw32/4.8.1/include"/>
					<Add directory="c:\mingw\bin\../lib/gcc/mingw32/4.8.1/../../../../include"/>
					<Add directory="c:\mingw\bin\../lib/gcc/mingw32/4.8.1/include-fixed"/>
					<Add directory="c:\mingw\bin\../lib/gcc/mingw32/4.8.1/../../../../mingw32/include"/>
				</Compiler>
				<MakeCommands>
					<Build command="C:/MinGW/bin/mingw32-make.exe -f &quot;G:/rgkirch/cryptopals/test/googletest/googlemock/Makefile&quot;  VERBOSE=1 gmock_main"/>
					<CompileFile command="C:/MinGW/bin/mingw32-make.exe -f &quot;G:/rgkirch/cryptopals/test/googletest/googlemock/Makefile&quot;  VERBOSE=1 &quot;$file&quot;"/>
					<Clean command="C:/MinGW/bin/mingw32-make.exe -f &quot;G:/rgkirch/cryptopals/test/googletest/googlemock/Makefile&quot;  VERBOSE=1 clean"/>
					<DistClean command="C:/MinGW/bin/mingw32-make.exe -f &quot;G:/rgkirch/cryptopals/test/googletest/googlemock/Makefile&quot;  VERBOSE=1 clean"/>
				</MakeCommands>
			</Target>
			<Target title="gmock_main/fast">
				<Option output="G:/rgkirch/cryptopals/test/googletest/googlemock/libgmock_main.a" prefix_auto="0" extension_auto="0"/>
				<Option working_dir="G:/rgkirch/cryptopals/test/googletest/googlemock"/>
				<Option object_output="./"/>
				<Option type="2"/>
				<Option compiler="gcc"/>
				<Compiler>
					<Add directory="G:/rgkirch/cryptopals/src"/>
					<Add directory="G:/rgkirch/cryptopals/test/googletest/googlemock/include"/>
					<Add directory="G:/rgkirch/cryptopals/test/googletest/googlemock"/>
					<Add directory="G:/rgkirch/cryptopals/test/googletest/googletest/include"/>
					<Add directory="G:/rgkirch/cryptopals/test/googletest/googletest"/>
					<Add directory="c:\mingw\bin\../lib/gcc/mingw32/4.8.1/include/c++"/>
					<Add directory="c:\mingw\bin\../lib/gcc/mingw32/4.8.1/include/c++/mingw32"/>
					<Add directory="c:\mingw\bin\../lib/gcc/mingw32/4.8.1/include/c++/backward"/>
					<Add directory="c:\mingw\bin\../lib/gcc/mingw32/4.8.1/include"/>
					<Add directory="c:\mingw\bin\../lib/gcc/mingw32/4.8.1/../../../../include"/>
					<Add directory="c:\mingw\bin\../lib/gcc/mingw32/4.8.1/include-fixed"/>
					<Add directory="c:\mingw\bin\../lib/gcc/mingw32/4.8.1/../../../../mingw32/include"/>
				</Compiler>
				<MakeCommands>
					<Build command="C:/MinGW/bin/mingw32-make.exe -f &quot;G:/rgkirch/cryptopals/test/googletest/googlemock/Makefile&quot;  VERBOSE=1 gmock_main/fast"/>
					<CompileFile command="C:/MinGW/bin/mingw32-make.exe -f &quot;G:/rgkirch/cryptopals/test/googletest/googlemock/Makefile&quot;  VERBOSE=1 &quot;$file&quot;"/>
					<Clean command="C:/MinGW/bin/mingw32-make.exe -f &quot;G:/rgkirch/cryptopals/test/googletest/googlemock/Makefile&quot;  VERBOSE=1 clean"/>
					<DistClean command="C:/MinGW/bin/mingw32-make.exe -f &quot;G:/rgkirch/cryptopals/test/googletest/googlemock/Makefile&quot;  VERBOSE=1 clean"/>
				</MakeCommands>
			</Target>
			<Target title="gmock">
				<Option output="G:/rgkirch/cryptopals/test/googletest/googlemock/libgmock.a" prefix_auto="0" extension_auto="0"/>
				<Option working_dir="G:/rgkirch/cryptopals/test/googletest/googlemock"/>
				<Option object_output="./"/>
				<Option type="2"/>
				<Option compiler="gcc"/>
				<Compiler>
					<Add directory="G:/rgkirch/cryptopals/src"/>
					<Add directory="G:/rgkirch/cryptopals/test/googletest/googlemock/include"/>
					<Add directory="G:/rgkirch/cryptopals/test/googletest/googlemock"/>
					<Add directory="G:/rgkirch/cryptopals/test/googletest/googletest/include"/>
					<Add directory="G:/rgkirch/cryptopals/test/googletest/googletest"/>
					<Add directory="c:\mingw\bin\../lib/gcc/mingw32/4.8.1/include/c++"/>
					<Add directory="c:\mingw\bin\../lib/gcc/mingw32/4.8.1/include/c++/mingw32"/>
					<Add directory="c:\mingw\bin\../lib/gcc/mingw32/4.8.1/include/c++/backward"/>
					<Add directory="c:\mingw\bin\../lib/gcc/mingw32/4.8.1/include"/>
					<Add directory="c:\mingw\bin\../lib/gcc/mingw32/4.8.1/../../../../include"/>
					<Add directory="c:\mingw\bin\../lib/gcc/mingw32/4.8.1/include-fixed"/>
					<Add directory="c:\mingw\bin\../lib/gcc/mingw32/4.8.1/../../../../mingw32/include"/>
				</Compiler>
				<MakeCommands>
					<Build command="C:/MinGW/bin/mingw32-make.exe -f &quot;G:/rgkirch/cryptopals/test/googletest/googlemock/Makefile&quot;  VERBOSE=1 gmock"/>
					<CompileFile command="C:/MinGW/bin/mingw32-make.exe -f &quot;G:/rgkirch/cryptopals/test/googletest/googlemock/Makefile&quot;  VERBOSE=1 &quot;$file&quot;"/>
					<Clean command="C:/MinGW/bin/mingw32-make.exe -f &quot;G:/rgkirch/cryptopals/test/googletest/googlemock/Makefile&quot;  VERBOSE=1 clean"/>
					<DistClean command="C:/MinGW/bin/mingw32-make.exe -f &quot;G:/rgkirch/cryptopals/test/googletest/googlemock/Makefile&quot;  VERBOSE=1 clean"/>
				</MakeCommands>
			</Target>
			<Target title="gmock/fast">
				<Option output="G:/rgkirch/cryptopals/test/googletest/googlemock/libgmock.a" prefix_auto="0" extension_auto="0"/>
				<Option working_dir="G:/rgkirch/cryptopals/test/googletest/googlemock"/>
				<Option object_output="./"/>
				<Option type="2"/>
				<Option compiler="gcc"/>
				<Compiler>
					<Add directory="G:/rgkirch/cryptopals/src"/>
					<Add directory="G:/rgkirch/cryptopals/test/googletest/googlemock/include"/>
					<Add directory="G:/rgkirch/cryptopals/test/googletest/googlemock"/>
					<Add directory="G:/rgkirch/cryptopals/test/googletest/googletest/include"/>
					<Add directory="G:/rgkirch/cryptopals/test/googletest/googletest"/>
					<Add directory="c:\mingw\bin\../lib/gcc/mingw32/4.8.1/include/c++"/>
					<Add directory="c:\mingw\bin\../lib/gcc/mingw32/4.8.1/include/c++/mingw32"/>
					<Add directory="c:\mingw\bin\../lib/gcc/mingw32/4.8.1/include/c++/backward"/>
					<Add directory="c:\mingw\bin\../lib/gcc/mingw32/4.8.1/include"/>
					<Add directory="c:\mingw\bin\../lib/gcc/mingw32/4.8.1/../../../../include"/>
					<Add directory="c:\mingw\bin\../lib/gcc/mingw32/4.8.1/include-fixed"/>
					<Add directory="c:\mingw\bin\../lib/gcc/mingw32/4.8.1/../../../../mingw32/include"/>
				</Compiler>
				<MakeCommands>
					<Build command="C:/MinGW/bin/mingw32-make.exe -f &quot;G:/rgkirch/cryptopals/test/googletest/googlemock/Makefile&quot;  VERBOSE=1 gmock/fast"/>
					<CompileFile command="C:/MinGW/bin/mingw32-make.exe -f &quot;G:/rgkirch/cryptopals/test/googletest/googlemock/Makefile&quot;  VERBOSE=1 &quot;$file&quot;"/>
					<Clean command="C:/MinGW/bin/mingw32-make.exe -f &quot;G:/rgkirch/cryptopals/test/googletest/googlemock/Makefile&quot;  VERBOSE=1 clean"/>
					<DistClean command="C:/MinGW/bin/mingw32-make.exe -f &quot;G:/rgkirch/cryptopals/test/googletest/googlemock/Makefile&quot;  VERBOSE=1 clean"/>
				</MakeCommands>
			</Target>
			<Target title="gtest">
				<Option output="G:/rgkirch/cryptopals/test/googletest/googlemock/gtest/libgtest.a" prefix_auto="0" extension_auto="0"/>
				<Option working_dir="G:/rgkirch/cryptopals/test/googletest/googlemock/gtest"/>
				<Option object_output="./"/>
				<Option type="2"/>
				<Option compiler="gcc"/>
				<Compiler>
					<Add directory="G:/rgkirch/cryptopals/src"/>
					<Add directory="G:/rgkirch/cryptopals/test/googletest/googletest/include"/>
					<Add directory="G:/rgkirch/cryptopals/test/googletest/googletest"/>
					<Add directory="c:\mingw\bin\../lib/gcc/mingw32/4.8.1/include/c++"/>
					<Add directory="c:\mingw\bin\../lib/gcc/mingw32/4.8.1/include/c++/mingw32"/>
					<Add directory="c:\mingw\bin\../lib/gcc/mingw32/4.8.1/include/c++/backward"/>
					<Add directory="c:\mingw\bin\../lib/gcc/mingw32/4.8.1/include"/>
					<Add directory="c:\mingw\bin\../lib/gcc/mingw32/4.8.1/../../../../include"/>
					<Add directory="c:\mingw\bin\../lib/gcc/mingw32/4.8.1/include-fixed"/>
					<Add directory="c:\mingw\bin\../lib/gcc/mingw32/4.8.1/../../../../mingw32/include"/>
				</Compiler>
				<MakeCommands>
					<Build command="C:/MinGW/bin/mingw32-make.exe -f &quot;G:/rgkirch/cryptopals/test/googletest/googlemock/gtest/Makefile&quot;  VERBOSE=1 gtest"/>
					<CompileFile command="C:/MinGW/bin/mingw32-make.exe -f &quot;G:/rgkirch/cryptopals/test/googletest/googlemock/gtest/Makefile&quot;  VERBOSE=1 &quot;$file&quot;"/>
					<Clean command="C:/MinGW/bin/mingw32-make.exe -f &quot;G:/rgkirch/cryptopals/test/googletest/googlemock/gtest/Makefile&quot;  VERBOSE=1 clean"/>
					<DistClean command="C:/MinGW/bin/mingw32-make.exe -f &quot;G:/rgkirch/cryptopals/test/googletest/googlemock/gtest/Makefile&quot;  VERBOSE=1 clean"/>
				</MakeCommands>
			</Target>
			<Target title="gtest/fast">
				<Option output="G:/rgkirch/cryptopals/test/googletest/googlemock/gtest/libgtest.a" prefix_auto="0" extension_auto="0"/>
				<Option working_dir="G:/rgkirch/cryptopals/test/googletest/googlemock/gtest"/>
				<Option object_output="./"/>
				<Option type="2"/>
				<Option compiler="gcc"/>
				<Compiler>
					<Add directory="G:/rgkirch/cryptopals/src"/>
					<Add directory="G:/rgkirch/cryptopals/test/googletest/googletest/include"/>
					<Add directory="G:/rgkirch/cryptopals/test/googletest/googletest"/>
					<Add directory="c:\mingw\bin\../lib/gcc/mingw32/4.8.1/include/c++"/>
					<Add directory="c:\mingw\bin\../lib/gcc/mingw32/4.8.1/include/c++/mingw32"/>
					<Add directory="c:\mingw\bin\../lib/gcc/mingw32/4.8.1/include/c++/backward"/>
					<Add directory="c:\mingw\bin\../lib/gcc/mingw32/4.8.1/include"/>
					<Add directory="c:\mingw\bin\../lib/gcc/mingw32/4.8.1/../../../../include"/>
					<Add directory="c:\mingw\bin\../lib/gcc/mingw32/4.8.1/include-fixed"/>
					<Add directory="c:\mingw\bin\../lib/gcc/mingw32/4.8.1/../../../../mingw32/include"/>
				</Compiler>
				<MakeCommands>
					<Build command="C:/MinGW/bin/mingw32-make.exe -f &quot;G:/rgkirch/cryptopals/test/googletest/googlemock/gtest/Makefile&quot;  VERBOSE=1 gtest/fast"/>
					<CompileFile command="C:/MinGW/bin/mingw32-make.exe -f &quot;G:/rgkirch/cryptopals/test/googletest/googlemock/gtest/Makefile&quot;  VERBOSE=1 &quot;$file&quot;"/>
					<Clean command="C:/MinGW/bin/mingw32-make.exe -f &quot;G:/rgkirch/cryptopals/test/googletest/googlemock/gtest/Makefile&quot;  VERBOSE=1 clean"/>
					<DistClean command="C:/MinGW/bin/mingw32-make.exe -f &quot;G:/rgkirch/cryptopals/test/googletest/googlemock/gtest/Makefile&quot;  VERBOSE=1 clean"/>
				</MakeCommands>
			</Target>
			<Target title="gtest_main">
				<Option output="G:/rgkirch/cryptopals/test/googletest/googlemock/gtest/libgtest_main.a" prefix_auto="0" extension_auto="0"/>
				<Option working_dir="G:/rgkirch/cryptopals/test/googletest/googlemock/gtest"/>
				<Option object_output="./"/>
				<Option type="2"/>
				<Option compiler="gcc"/>
				<Compiler>
					<Add directory="G:/rgkirch/cryptopals/src"/>
					<Add directory="G:/rgkirch/cryptopals/test/googletest/googletest/include"/>
					<Add directory="G:/rgkirch/cryptopals/test/googletest/googletest"/>
					<Add directory="c:\mingw\bin\../lib/gcc/mingw32/4.8.1/include/c++"/>
					<Add directory="c:\mingw\bin\../lib/gcc/mingw32/4.8.1/include/c++/mingw32"/>
					<Add directory="c:\mingw\bin\../lib/gcc/mingw32/4.8.1/include/c++/backward"/>
					<Add directory="c:\mingw\bin\../lib/gcc/mingw32/4.8.1/include"/>
					<Add directory="c:\mingw\bin\../lib/gcc/mingw32/4.8.1/../../../../include"/>
					<Add directory="c:\mingw\bin\../lib/gcc/mingw32/4.8.1/include-fixed"/>
					<Add directory="c:\mingw\bin\../lib/gcc/mingw32/4.8.1/../../../../mingw32/include"/>
				</Compiler>
				<MakeCommands>
					<Build command="C:/MinGW/bin/mingw32-make.exe -f &quot;G:/rgkirch/cryptopals/test/googletest/googlemock/gtest/Makefile&quot;  VERBOSE=1 gtest_main"/>
					<CompileFile command="C:/MinGW/bin/mingw32-make.exe -f &quot;G:/rgkirch/cryptopals/test/googletest/googlemock/gtest/Makefile&quot;  VERBOSE=1 &quot;$file&quot;"/>
					<Clean command="C:/MinGW/bin/mingw32-make.exe -f &quot;G:/rgkirch/cryptopals/test/googletest/googlemock/gtest/Makefile&quot;  VERBOSE=1 clean"/>
					<DistClean command="C:/MinGW/bin/mingw32-make.exe -f &quot;G:/rgkirch/cryptopals/test/googletest/googlemock/gtest/Makefile&quot;  VERBOSE=1 clean"/>
				</MakeCommands>
			</Target>
			<Target title="gtest_main/fast">
				<Option output="G:/rgkirch/cryptopals/test/googletest/googlemock/gtest/libgtest_main.a" prefix_auto="0" extension_auto="0"/>
				<Option working_dir="G:/rgkirch/cryptopals/test/googletest/googlemock/gtest"/>
				<Option object_output="./"/>
				<Option type="2"/>
				<Option compiler="gcc"/>
				<Compiler>
					<Add directory="G:/rgkirch/cryptopals/src"/>
					<Add directory="G:/rgkirch/cryptopals/test/googletest/googletest/include"/>
					<Add directory="G:/rgkirch/cryptopals/test/googletest/googletest"/>
					<Add directory="c:\mingw\bin\../lib/gcc/mingw32/4.8.1/include/c++"/>
					<Add directory="c:\mingw\bin\../lib/gcc/mingw32/4.8.1/include/c++/mingw32"/>
					<Add directory="c:\mingw\bin\../lib/gcc/mingw32/4.8.1/include/c++/backward"/>
					<Add directory="c:\mingw\bin\../lib/gcc/mingw32/4.8.1/include"/>
					<Add directory="c:\mingw\bin\../lib/gcc/mingw32/4.8.1/../../../../include"/>
					<Add directory="c:\mingw\bin\../lib/gcc/mingw32/4.8.1/include-fixed"/>
					<Add directory="c:\mingw\bin\../lib/gcc/mingw32/4.8.1/../../../../mingw32/include"/>
				</Compiler>
				<MakeCommands>
					<Build command="C:/MinGW/bin/mingw32-make.exe -f &quot;G:/rgkirch/cryptopals/test/googletest/googlemock/gtest/Makefile&quot;  VERBOSE=1 gtest_main/fast"/>
					<CompileFile command="C:/MinGW/bin/mingw32-make.exe -f &quot;G:/rgkirch/cryptopals/test/googletest/googlemock/gtest/Makefile&quot;  VERBOSE=1 &quot;$file&quot;"/>
					<Clean command="C:/MinGW/bin/mingw32-make.exe -f &quot;G:/rgkirch/cryptopals/test/googletest/googlemock/gtest/Makefile&quot;  VERBOSE=1 clean"/>
					<DistClean command="C:/MinGW/bin/mingw32-make.exe -f &quot;G:/rgkirch/cryptopals/test/googletest/googlemock/gtest/Makefile&quot;  VERBOSE=1 clean"/>
				</MakeCommands>
			</Target>
		</Build>
		<Unit filename="G:/rgkirch/cryptopals/test/googletest/googlemock/src/gmock-all.cc">
			<Option target="gmock_main"/>
			<Option target="gmock"/>
		</Unit>
		<Unit filename="G:/rgkirch/cryptopals/test/googletest/googlemock/src/gmock_main.cc">
			<Option target="gmock_main"/>
		</Unit>
		<Unit filename="G:/rgkirch/cryptopals/test/googletest/googletest/src/gtest-all.cc">
			<Option target="gmock_main"/>
			<Option target="gmock"/>
			<Option target="gtest"/>
		</Unit>
		<Unit filename="G:/rgkirch/cryptopals/test/googletest/googletest/src/gtest_main.cc">
			<Option target="gtest_main"/>
		</Unit>
		<Unit filename="G:/rgkirch/cryptopals/test/set_1_Basics.cpp">
			<Option target="basicsTest"/>
		</Unit>
		<Unit filename="G:/rgkirch/cryptopals/CMakeLists.txt">
			<Option virtualFolder="CMake Files\"/>
		</Unit>
		<Unit filename="G:/rgkirch/cryptopals/src/CMakeLists.txt">
			<Option virtualFolder="CMake Files\src\"/>
		</Unit>
		<Unit filename="G:/rgkirch/cryptopals/test/CMakeLists.txt">
			<Option virtualFolder="CMake Files\test\"/>
		</Unit>
		<Unit filename="G:/rgkirch/cryptopals/test/CMakeLists.txt">
			<Option virtualFolder="CMake Files\test\"/>
		</Unit>
		<Unit filename="G:/rgkirch/cryptopals/test/googletest/CMakeLists.txt">
			<Option virtualFolder="CMake Files\test\googletest\"/>
		</Unit>
		<Unit filename="G:/rgkirch/cryptopals/test/googletest/CMakeLists.txt">
			<Option virtualFolder="CMake Files\test\googletest\"/>
		</Unit>
		<Unit filename="G:/rgkirch/cryptopals/test/googletest/CMakeLists.txt">
			<Option virtualFolder="CMake Files\test\googletest\"/>
		</Unit>
		<Unit filename="G:/rgkirch/cryptopals/test/googletest/googlemock/CMakeLists.txt">
			<Option virtualFolder="CMake Files\test\googletest\googlemock\"/>
		</Unit>
		<Unit filename="G:/rgkirch/cryptopals/test/googletest/googlemock/CMakeLists.txt">
			<Option virtualFolder="CMake Files\test\googletest\googlemock\"/>
		</Unit>
		<Unit filename="G:/rgkirch/cryptopals/test/googletest/googlemock/CMakeLists.txt">
			<Option virtualFolder="CMake Files\test\googletest\googlemock\"/>
		</Unit>
		<Unit filename="G:/rgkirch/cryptopals/test/googletest/googlemock/CMakeLists.txt">
			<Option virtualFolder="CMake Files\test\googletest\googlemock\"/>
		</Unit>
		<Unit filename="G:/rgkirch/cryptopals/test/googletest/googletest/CMakeLists.txt">
			<Option virtualFolder="CMake Files\test\googletest\googletest\"/>
		</Unit>
		<Unit filename="G:/rgkirch/cryptopals/test/googletest/googletest/CMakeLists.txt">
			<Option virtualFolder="CMake Files\test\googletest\googletest\"/>
		</Unit>
		<Unit filename="G:/rgkirch/cryptopals/test/googletest/googletest/CMakeLists.txt">
			<Option virtualFolder="CMake Files\test\googletest\googletest\"/>
		</Unit>
		<Unit filename="G:/rgkirch/cryptopals/test/googletest/googletest/CMakeLists.txt">
			<Option virtualFolder="CMake Files\test\googletest\googletest\"/>
		</Unit>
		<Unit filename="G:/rgkirch/cryptopals/test/googletest/googletest/CMakeLists.txt">
			<Option virtualFolder="CMake Files\test\googletest\googletest\"/>
		</Unit>
		<Unit filename="G:/rgkirch/cryptopals/test/googletest/googletest/cmake/internal_utils.cmake">
			<Option virtualFolder="CMake Files\test\googletest\googletest\cmake\"/>
		</Unit>
		<Unit filename="G:/rgkirch/cryptopals/test/googletest/googletest/cmake/internal_utils.cmake">
			<Option virtualFolder="CMake Files\test\googletest\googletest\cmake\"/>
		</Unit>
		<Unit filename="G:/rgkirch/cryptopals/test/googletest/googletest/cmake/internal_utils.cmake">
			<Option virtualFolder="CMake Files\test\googletest\googletest\cmake\"/>
		</Unit>
		<Unit filename="G:/rgkirch/cryptopals/test/googletest/googletest/cmake/internal_utils.cmake">
			<Option virtualFolder="CMake Files\test\googletest\googletest\cmake\"/>
		</Unit>
		<Unit filename="G:/rgkirch/cryptopals/test/googletest/googletest/cmake/internal_utils.cmake">
			<Option virtualFolder="CMake Files\test\googletest\googletest\cmake\"/>
		</Unit>
	</Project>
</CodeBlocks_project_file>
